
Microsoft Visual Studio Solution File, Format Version 12.00
# Visual Studio 15
VisualStudioVersion = 15.0.27130.2036
MinimumVisualStudioVersion = 10.0.40219.1
Project("{FAE04EC0-301F-11D3-BF4B-00C04F79EFBC}") = "NavigationMenu.Android", "NavigationMenu\NavigationMenu.Android\NavigationMenu.Android.csproj", "{D352C96A-36D1-4231-9C70-543F9B79F740}"
EndProject
Project("{FAE04EC0-301F-11D3-BF4B-00C04F79EFBC}") = "NavigationMenu.iOS", "NavigationMenu\NavigationMenu.iOS\NavigationMenu.iOS.csproj", "{2B0C3A63-00CB-418E-B0D9-94D94698287E}"
EndProject
Project("{FAE04EC0-301F-11D3-BF4B-00C04F79EFBC}") = "NavigationMenu.UWP", "NavigationMenu\NavigationMenu.UWP\NavigationMenu.UWP.csproj", "{90804E24-F495-426D-BA07-E625956A7FB6}"
EndProject
Project("{FAE04EC0-301F-11D3-BF4B-00C04F79EFBC}") = "NavigationMenu", "NavigationMenu\NavigationMenu\NavigationMenu.csproj", "{B2A1E139-9625-4335-94C8-DF1B9D84E7A5}"
EndProject
Global
	GlobalSection(SolutionConfigurationPlatforms) = preSolution
		Ad-Hoc|Any CPU = Ad-Hoc|Any CPU
		Ad-Hoc|ARM = Ad-Hoc|ARM
		Ad-Hoc|iPhone = Ad-Hoc|iPhone
		Ad-Hoc|iPhoneSimulator = Ad-Hoc|iPhoneSimulator
		Ad-Hoc|x64 = Ad-Hoc|x64
		Ad-Hoc|x86 = Ad-Hoc|x86
		AppStore|Any CPU = AppStore|Any CPU
		AppStore|ARM = AppStore|ARM
		AppStore|iPhone = AppStore|iPhone
		AppStore|iPhoneSimulator = AppStore|iPhoneSimulator
		AppStore|x64 = AppStore|x64
		AppStore|x86 = AppStore|x86
		Debug|Any CPU = Debug|Any CPU
		Debug|ARM = Debug|ARM
		Debug|iPhone = Debug|iPhone
		Debug|iPhoneSimulator = Debug|iPhoneSimulator
		Debug|x64 = Debug|x64
		Debug|x86 = Debug|x86
		Release|Any CPU = Release|Any CPU
		Release|ARM = Release|ARM
		Release|iPhone = Release|iPhone
		Release|iPhoneSimulator = Release|iPhoneSimulator
		Release|x64 = Release|x64
		Release|x86 = Release|x86
	EndGlobalSection
	GlobalSection(ProjectConfigurationPlatforms) = postSolution
		{D352C96A-36D1-4231-9C70-543F9B79F740}.Ad-Hoc|Any CPU.ActiveCfg = Release|Any CPU
		{D352C96A-36D1-4231-9C70-543F9B79F740}.Ad-Hoc|Any CPU.Build.0 = Release|Any CPU
		{D352C96A-36D1-4231-9C70-543F9B79F740}.Ad-Hoc|Any CPU.Deploy.0 = Release|Any CPU
		{D352C96A-36D1-4231-9C70-543F9B79F740}.Ad-Hoc|ARM.ActiveCfg = Release|Any CPU
		{D352C96A-36D1-4231-9C70-543F9B79F740}.Ad-Hoc|ARM.Build.0 = Release|Any CPU
		{D352C96A-36D1-4231-9C70-543F9B79F740}.Ad-Hoc|ARM.Deploy.0 = Release|Any CPU
		{D352C96A-36D1-4231-9C70-543F9B79F740}.Ad-Hoc|iPhone.ActiveCfg = Release|Any CPU
		{D352C96A-36D1-4231-9C70-543F9B79F740}.Ad-Hoc|iPhone.Build.0 = Release|Any CPU
		{D352C96A-36D1-4231-9C70-543F9B79F740}.Ad-Hoc|iPhone.Deploy.0 = Release|Any CPU
		{D352C96A-36D1-4231-9C70-543F9B79F740}.Ad-Hoc|iPhoneSimulator.ActiveCfg = Release|Any CPU
		{D352C96A-36D1-4231-9C70-543F9B79F740}.Ad-Hoc|iPhoneSimulator.Build.0 = Release|Any CPU
		{D352C96A-36D1-4231-9C70-543F9B79F740}.Ad-Hoc|iPhoneSimulator.Deploy.0 = Release|Any CPU
		{D352C96A-36D1-4231-9C70-543F9B79F740}.Ad-Hoc|x64.ActiveCfg = Release|Any CPU
		{D352C96A-36D1-4231-9C70-543F9B79F740}.Ad-Hoc|x64.Build.0 = Release|Any CPU
		{D352C96A-36D1-4231-9C70-543F9B79F740}.Ad-Hoc|x64.Deploy.0 = Release|Any CPU
		{D352C96A-36D1-4231-9C70-543F9B79F740}.Ad-Hoc|x86.ActiveCfg = Release|Any CPU
		{D352C96A-36D1-4231-9C70-543F9B79F740}.Ad-Hoc|x86.Build.0 = Release|Any CPU
		{D352C96A-36D1-4231-9C70-543F9B79F740}.Ad-Hoc|x86.Deploy.0 = Release|Any CPU
		{D352C96A-36D1-4231-9C70-543F9B79F740}.AppStore|Any CPU.ActiveCfg = Release|Any CPU
		{D352C96A-36D1-4231-9C70-543F9B79F740}.AppStore|Any CPU.Build.0 = Release|Any CPU
		{D352C96A-36D1-4231-9C70-543F9B79F740}.AppStore|Any CPU.Deploy.0 = Release|Any CPU
		{D352C96A-36D1-4231-9C70-543F9B79F740}.AppStore|ARM.ActiveCfg = Release|Any CPU
		{D352C96A-36D1-4231-9C70-543F9B79F740}.AppStore|ARM.Build.0 = Release|Any CPU
		{D352C96A-36D1-4231-9C70-543F9B79F740}.AppStore|ARM.Deploy.0 = Release|Any CPU
		{D352C96A-36D1-4231-9C70-543F9B79F740}.AppStore|iPhone.ActiveCfg = Release|Any CPU
		{D352C96A-36D1-4231-9C70-543F9B79F740}.AppStore|iPhone.Build.0 = Release|Any CPU
		{D352C96A-36D1-4231-9C70-543F9B79F740}.AppStore|iPhone.Deploy.0 = Release|Any CPU
		{D352C96A-36D1-4231-9C70-543F9B79F740}.AppStore|iPhoneSimulator.ActiveCfg = Release|Any CPU
		{D352C96A-36D1-4231-9C70-543F9B79F740}.AppStore|iPhoneSimulator.Build.0 = Release|Any CPU
		{D352C96A-36D1-4231-9C70-543F9B79F740}.AppStore|iPhoneSimulator.Deploy.0 = Release|Any CPU
		{D352C96A-36D1-4231-9C70-543F9B79F740}.AppStore|x64.ActiveCfg = Release|Any CPU
		{D352C96A-36D1-4231-9C70-543F9B79F740}.AppStore|x64.Build.0 = Release|Any CPU
		{D352C96A-36D1-4231-9C70-543F9B79F740}.AppStore|x64.Deploy.0 = Release|Any CPU
		{D352C96A-36D1-4231-9C70-543F9B79F740}.AppStore|x86.ActiveCfg = Release|Any CPU
		{D352C96A-36D1-4231-9C70-543F9B79F740}.AppStore|x86.Build.0 = Release|Any CPU
		{D352C96A-36D1-4231-9C70-543F9B79F740}.AppStore|x86.Deploy.0 = Release|Any CPU
		{D352C96A-36D1-4231-9C70-543F9B79F740}.Debug|Any CPU.ActiveCfg = Debug|Any CPU
		{D352C96A-36D1-4231-9C70-543F9B79F740}.Debug|Any CPU.Build.0 = Debug|Any CPU
		{D352C96A-36D1-4231-9C70-543F9B79F740}.Debug|Any CPU.Deploy.0 = Debug|Any CPU
		{D352C96A-36D1-4231-9C70-543F9B79F740}.Debug|ARM.ActiveCfg = Debug|Any CPU
		{D352C96A-36D1-4231-9C70-543F9B79F740}.Debug|ARM.Build.0 = Debug|Any CPU
		{D352C96A-36D1-4231-9C70-543F9B79F740}.Debug|ARM.Deploy.0 = Debug|Any CPU
		{D352C96A-36D1-4231-9C70-543F9B79F740}.Debug|iPhone.ActiveCfg = Debug|Any CPU
		{D352C96A-36D1-4231-9C70-543F9B79F740}.Debug|iPhone.Build.0 = Debug|Any CPU
		{D352C96A-36D1-4231-9C70-543F9B79F740}.Debug|iPhone.Deploy.0 = Debug|Any CPU
		{D352C96A-36D1-4231-9C70-543F9B79F740}.Debug|iPhoneSimulator.ActiveCfg = Debug|Any CPU
		{D352C96A-36D1-4231-9C70-543F9B79F740}.Debug|iPhoneSimulator.Build.0 = Debug|Any CPU
		{D352C96A-36D1-4231-9C70-543F9B79F740}.Debug|iPhoneSimulator.Deploy.0 = Debug|Any CPU
		{D352C96A-36D1-4231-9C70-543F9B79F740}.Debug|x64.ActiveCfg = Debug|Any CPU
		{D352C96A-36D1-4231-9C70-543F9B79F740}.Debug|x64.Build.0 = Debug|Any CPU
		{D352C96A-36D1-4231-9C70-543F9B79F740}.Debug|x64.Deploy.0 = Debug|Any CPU
		{D352C96A-36D1-4231-9C70-543F9B79F740}.Debug|x86.ActiveCfg = Debug|Any CPU
		{D352C96A-36D1-4231-9C70-543F9B79F740}.Debug|x86.Build.0 = Debug|Any CPU
		{D352C96A-36D1-4231-9C70-543F9B79F740}.Debug|x86.Deploy.0 = Debug|Any CPU
		{D352C96A-36D1-4231-9C70-543F9B79F740}.Release|Any CPU.ActiveCfg = Release|Any CPU
		{D352C96A-36D1-4231-9C70-543F9B79F740}.Release|Any CPU.Build.0 = Release|Any CPU
		{D352C96A-36D1-4231-9C70-543F9B79F740}.Release|Any CPU.Deploy.0 = Release|Any CPU
		{D352C96A-36D1-4231-9C70-543F9B79F740}.Release|ARM.ActiveCfg = Release|Any CPU
		{D352C96A-36D1-4231-9C70-543F9B79F740}.Release|ARM.Build.0 = Release|Any CPU
		{D352C96A-36D1-4231-9C70-543F9B79F740}.Release|ARM.Deploy.0 = Release|Any CPU
		{D352C96A-36D1-4231-9C70-543F9B79F740}.Release|iPhone.ActiveCfg = Release|Any CPU
		{D352C96A-36D1-4231-9C70-543F9B79F740}.Release|iPhone.Build.0 = Release|Any CPU
		{D352C96A-36D1-4231-9C70-543F9B79F740}.Release|iPhone.Deploy.0 = Release|Any CPU
		{D352C96A-36D1-4231-9C70-543F9B79F740}.Release|iPhoneSimulator.ActiveCfg = Release|Any CPU
		{D352C96A-36D1-4231-9C70-543F9B79F740}.Release|iPhoneSimulator.Build.0 = Release|Any CPU
		{D352C96A-36D1-4231-9C70-543F9B79F740}.Release|iPhoneSimulator.Deploy.0 = Release|Any CPU
		{D352C96A-36D1-4231-9C70-543F9B79F740}.Release|x64.ActiveCfg = Release|Any CPU
		{D352C96A-36D1-4231-9C70-543F9B79F740}.Release|x64.Build.0 = Release|Any CPU
		{D352C96A-36D1-4231-9C70-543F9B79F740}.Release|x64.Deploy.0 = Release|Any CPU
		{D352C96A-36D1-4231-9C70-543F9B79F740}.Release|x86.ActiveCfg = Release|Any CPU
		{D352C96A-36D1-4231-9C70-543F9B79F740}.Release|x86.Build.0 = Release|Any CPU
		{D352C96A-36D1-4231-9C70-543F9B79F740}.Release|x86.Deploy.0 = Release|Any CPU
		{2B0C3A63-00CB-418E-B0D9-94D94698287E}.Ad-Hoc|Any CPU.ActiveCfg = Ad-Hoc|iPhone
		{2B0C3A63-00CB-418E-B0D9-94D94698287E}.Ad-Hoc|ARM.ActiveCfg = Ad-Hoc|iPhone
		{2B0C3A63-00CB-418E-B0D9-94D94698287E}.Ad-Hoc|iPhone.ActiveCfg = Ad-Hoc|iPhone
		{2B0C3A63-00CB-418E-B0D9-94D94698287E}.Ad-Hoc|iPhone.Build.0 = Ad-Hoc|iPhone
		{2B0C3A63-00CB-418E-B0D9-94D94698287E}.Ad-Hoc|iPhoneSimulator.ActiveCfg = Ad-Hoc|iPhoneSimulator
		{2B0C3A63-00CB-418E-B0D9-94D94698287E}.Ad-Hoc|iPhoneSimulator.Build.0 = Ad-Hoc|iPhoneSimulator
		{2B0C3A63-00CB-418E-B0D9-94D94698287E}.Ad-Hoc|x64.ActiveCfg = Ad-Hoc|iPhone
		{2B0C3A63-00CB-418E-B0D9-94D94698287E}.Ad-Hoc|x86.ActiveCfg = Ad-Hoc|iPhone
		{2B0C3A63-00CB-418E-B0D9-94D94698287E}.AppStore|Any CPU.ActiveCfg = AppStore|iPhone
		{2B0C3A63-00CB-418E-B0D9-94D94698287E}.AppStore|ARM.ActiveCfg = AppStore|iPhone
		{2B0C3A63-00CB-418E-B0D9-94D94698287E}.AppStore|iPhone.ActiveCfg = AppStore|iPhone
		{2B0C3A63-00CB-418E-B0D9-94D94698287E}.AppStore|iPhone.Build.0 = AppStore|iPhone
		{2B0C3A63-00CB-418E-B0D9-94D94698287E}.AppStore|iPhoneSimulator.ActiveCfg = AppStore|iPhoneSimulator
		{2B0C3A63-00CB-418E-B0D9-94D94698287E}.AppStore|iPhoneSimulator.Build.0 = AppStore|iPhoneSimulator
		{2B0C3A63-00CB-418E-B0D9-94D94698287E}.AppStore|x64.ActiveCfg = AppStore|iPhone
		{2B0C3A63-00CB-418E-B0D9-94D94698287E}.AppStore|x86.ActiveCfg = AppStore|iPhone
		{2B0C3A63-00CB-418E-B0D9-94D94698287E}.Debug|Any CPU.ActiveCfg = Debug|iPhone
		{2B0C3A63-00CB-418E-B0D9-94D94698287E}.Debug|ARM.ActiveCfg = Debug|iPhone
		{2B0C3A63-00CB-418E-B0D9-94D94698287E}.Debug|iPhone.ActiveCfg = Debug|iPhone
		{2B0C3A63-00CB-418E-B0D9-94D94698287E}.Debug|iPhone.Build.0 = Debug|iPhone
		{2B0C3A63-00CB-418E-B0D9-94D94698287E}.Debug|iPhoneSimulator.ActiveCfg = Debug|iPhoneSimulator
		{2B0C3A63-00CB-418E-B0D9-94D94698287E}.Debug|iPhoneSimulator.Build.0 = Debug|iPhoneSimulator
		{2B0C3A63-00CB-418E-B0D9-94D94698287E}.Debug|x64.ActiveCfg = Debug|iPhone
		{2B0C3A63-00CB-418E-B0D9-94D94698287E}.Debug|x86.ActiveCfg = Debug|iPhone
		{2B0C3A63-00CB-418E-B0D9-94D94698287E}.Release|Any CPU.ActiveCfg = Release|iPhone
		{2B0C3A63-00CB-418E-B0D9-94D94698287E}.Release|ARM.ActiveCfg = Release|iPhone
		{2B0C3A63-00CB-418E-B0D9-94D94698287E}.Release|iPhone.ActiveCfg = Release|iPhone
		{2B0C3A63-00CB-418E-B0D9-94D94698287E}.Release|iPhone.Build.0 = Release|iPhone
		{2B0C3A63-00CB-418E-B0D9-94D94698287E}.Release|iPhoneSimulator.ActiveCfg = Release|iPhoneSimulator
		{2B0C3A63-00CB-418E-B0D9-94D94698287E}.Release|iPhoneSimulator.Build.0 = Release|iPhoneSimulator
		{2B0C3A63-00CB-418E-B0D9-94D94698287E}.Release|x64.ActiveCfg = Release|iPhone
		{2B0C3A63-00CB-418E-B0D9-94D94698287E}.Release|x86.ActiveCfg = Release|iPhone
		{90804E24-F495-426D-BA07-E625956A7FB6}.Ad-Hoc|Any CPU.ActiveCfg = Release|x86
		{90804E24-F495-426D-BA07-E625956A7FB6}.Ad-Hoc|Any CPU.Build.0 = Release|x86
		{90804E24-F495-426D-BA07-E625956A7FB6}.Ad-Hoc|Any CPU.Deploy.0 = Release|x86
		{90804E24-F495-426D-BA07-E625956A7FB6}.Ad-Hoc|ARM.ActiveCfg = Release|ARM
		{90804E24-F495-426D-BA07-E625956A7FB6}.Ad-Hoc|ARM.Build.0 = Release|ARM
		{90804E24-F495-426D-BA07-E625956A7FB6}.Ad-Hoc|ARM.Deploy.0 = Release|ARM
		{90804E24-F495-426D-BA07-E625956A7FB6}.Ad-Hoc|iPhone.ActiveCfg = Release|x86
		{90804E24-F495-426D-BA07-E625956A7FB6}.Ad-Hoc|iPhone.Build.0 = Release|x86
		{90804E24-F495-426D-BA07-E625956A7FB6}.Ad-Hoc|iPhone.Deploy.0 = Release|x86
		{90804E24-F495-426D-BA07-E625956A7FB6}.Ad-Hoc|iPhoneSimulator.ActiveCfg = Release|x86
		{90804E24-F495-426D-BA07-E625956A7FB6}.Ad-Hoc|iPhoneSimulator.Build.0 = Release|x86
		{90804E24-F495-426D-BA07-E625956A7FB6}.Ad-Hoc|iPhoneSimulator.Deploy.0 = Release|x86
		{90804E24-F495-426D-BA07-E625956A7FB6}.Ad-Hoc|x64.ActiveCfg = Release|x64
		{90804E24-F495-426D-BA07-E625956A7FB6}.Ad-Hoc|x64.Build.0 = Release|x64
		{90804E24-F495-426D-BA07-E625956A7FB6}.Ad-Hoc|x64.Deploy.0 = Release|x64
		{90804E24-F495-426D-BA07-E625956A7FB6}.Ad-Hoc|x86.ActiveCfg = Release|x86
		{90804E24-F495-426D-BA07-E625956A7FB6}.Ad-Hoc|x86.Build.0 = Release|x86
		{90804E24-F495-426D-BA07-E625956A7FB6}.Ad-Hoc|x86.Deploy.0 = Release|x86
		{90804E24-F495-426D-BA07-E625956A7FB6}.AppStore|Any CPU.ActiveCfg = Release|x86
		{90804E24-F495-426D-BA07-E625956A7FB6}.AppStore|Any CPU.Build.0 = Release|x86
		{90804E24-F495-426D-BA07-E625956A7FB6}.AppStore|Any CPU.Deploy.0 = Release|x86
		{90804E24-F495-426D-BA07-E625956A7FB6}.AppStore|ARM.ActiveCfg = Release|ARM
		{90804E24-F495-426D-BA07-E625956A7FB6}.AppStore|ARM.Build.0 = Release|ARM
		{90804E24-F495-426D-BA07-E625956A7FB6}.AppStore|ARM.Deploy.0 = Release|ARM
		{90804E24-F495-426D-BA07-E625956A7FB6}.AppStore|iPhone.ActiveCfg = Release|x86
		{90804E24-F495-426D-BA07-E625956A7FB6}.AppStore|iPhone.Build.0 = Release|x86
		{90804E24-F495-426D-BA07-E625956A7FB6}.AppStore|iPhone.Deploy.0 = Release|x86
		{90804E24-F495-426D-BA07-E625956A7FB6}.AppStore|iPhoneSimulator.ActiveCfg = Release|x86
		{90804E24-F495-426D-BA07-E625956A7FB6}.AppStore|iPhoneSimulator.Build.0 = Release|x86
		{90804E24-F495-426D-BA07-E625956A7FB6}.AppStore|iPhoneSimulator.Deploy.0 = Release|x86
		{90804E24-F495-426D-BA07-E625956A7FB6}.AppStore|x64.ActiveCfg = Release|x64
		{90804E24-F495-426D-BA07-E625956A7FB6}.AppStore|x64.Build.0 = Release|x64
		{90804E24-F495-426D-BA07-E625956A7FB6}.AppStore|x64.Deploy.0 = Release|x64
		{90804E24-F495-426D-BA07-E625956A7FB6}.AppStore|x86.ActiveCfg = Release|x86
		{90804E24-F495-426D-BA07-E625956A7FB6}.AppStore|x86.Build.0 = Release|x86
		{90804E24-F495-426D-BA07-E625956A7FB6}.AppStore|x86.Deploy.0 = Release|x86
		{90804E24-F495-426D-BA07-E625956A7FB6}.Debug|Any CPU.ActiveCfg = Debug|x86
		{90804E24-F495-426D-BA07-E625956A7FB6}.Debug|ARM.ActiveCfg = Debug|ARM
		{90804E24-F495-426D-BA07-E625956A7FB6}.Debug|ARM.Build.0 = Debug|ARM
		{90804E24-F495-426D-BA07-E625956A7FB6}.Debug|ARM.Deploy.0 = Debug|ARM
		{90804E24-F495-426D-BA07-E625956A7FB6}.Debug|iPhone.ActiveCfg = Debug|x86
		{90804E24-F495-426D-BA07-E625956A7FB6}.Debug|iPhoneSimulator.ActiveCfg = Debug|x86
		{90804E24-F495-426D-BA07-E625956A7FB6}.Debug|x64.ActiveCfg = Debug|x64
		{90804E24-F495-426D-BA07-E625956A7FB6}.Debug|x64.Build.0 = Debug|x64
		{90804E24-F495-426D-BA07-E625956A7FB6}.Debug|x64.Deploy.0 = Debug|x64
		{90804E24-F495-426D-BA07-E625956A7FB6}.Debug|x86.ActiveCfg = Debug|x86
		{90804E24-F495-426D-BA07-E625956A7FB6}.Debug|x86.Build.0 = Debug|x86
		{90804E24-F495-426D-BA07-E625956A7FB6}.Debug|x86.Deploy.0 = Debug|x86
		{90804E24-F495-426D-BA07-E625956A7FB6}.Release|Any CPU.ActiveCfg = Release|x86
		{90804E24-F495-426D-BA07-E625956A7FB6}.Release|ARM.ActiveCfg = Release|ARM
		{90804E24-F495-426D-BA07-E625956A7FB6}.Release|ARM.Build.0 = Release|ARM
		{90804E24-F495-426D-BA07-E625956A7FB6}.Release|ARM.Deploy.0 = Release|ARM
		{90804E24-F495-426D-BA07-E625956A7FB6}.Release|iPhone.ActiveCfg = Release|x86
		{90804E24-F495-426D-BA07-E625956A7FB6}.Release|iPhoneSimulator.ActiveCfg = Release|x86
		{90804E24-F495-426D-BA07-E625956A7FB6}.Release|x64.ActiveCfg = Release|x64
		{90804E24-F495-426D-BA07-E625956A7FB6}.Release|x64.Build.0 = Release|x64
		{90804E24-F495-426D-BA07-E625956A7FB6}.Release|x64.Deploy.0 = Release|x64
		{90804E24-F495-426D-BA07-E625956A7FB6}.Release|x86.ActiveCfg = Release|x86
		{90804E24-F495-426D-BA07-E625956A7FB6}.Release|x86.Build.0 = Release|x86
		{90804E24-F495-426D-BA07-E625956A7FB6}.Release|x86.Deploy.0 = Release|x86
		{B2A1E139-9625-4335-94C8-DF1B9D84E7A5}.Ad-Hoc|Any CPU.ActiveCfg = Debug|Any CPU
		{B2A1E139-9625-4335-94C8-DF1B9D84E7A5}.Ad-Hoc|Any CPU.Build.0 = Debug|Any CPU
		{B2A1E139-9625-4335-94C8-DF1B9D84E7A5}.Ad-Hoc|ARM.ActiveCfg = Debug|Any CPU
		{B2A1E139-9625-4335-94C8-DF1B9D84E7A5}.Ad-Hoc|ARM.Build.0 = Debug|Any CPU
		{B2A1E139-9625-4335-94C8-DF1B9D84E7A5}.Ad-Hoc|iPhone.ActiveCfg = Debug|Any CPU
		{B2A1E139-9625-4335-94C8-DF1B9D84E7A5}.Ad-Hoc|iPhone.Build.0 = Debug|Any CPU
		{B2A1E139-9625-4335-94C8-DF1B9D84E7A5}.Ad-Hoc|iPhoneSimulator.ActiveCfg = Debug|Any CPU
		{B2A1E139-9625-4335-94C8-DF1B9D84E7A5}.Ad-Hoc|iPhoneSimulator.Build.0 = Debug|Any CPU
		{B2A1E139-9625-4335-94C8-DF1B9D84E7A5}.Ad-Hoc|x64.ActiveCfg = Debug|Any CPU
		{B2A1E139-9625-4335-94C8-DF1B9D84E7A5}.Ad-Hoc|x64.Build.0 = Debug|Any CPU
		{B2A1E139-9625-4335-94C8-DF1B9D84E7A5}.Ad-Hoc|x86.ActiveCfg = Debug|Any CPU
		{B2A1E139-9625-4335-94C8-DF1B9D84E7A5}.Ad-Hoc|x86.Build.0 = Debug|Any CPU
		{B2A1E139-9625-4335-94C8-DF1B9D84E7A5}.AppStore|Any CPU.ActiveCfg = Debug|Any CPU
		{B2A1E139-9625-4335-94C8-DF1B9D84E7A5}.AppStore|Any CPU.Build.0 = Debug|Any CPU
		{B2A1E139-9625-4335-94C8-DF1B9D84E7A5}.AppStore|ARM.ActiveCfg = Debug|Any CPU
		{B2A1E139-9625-4335-94C8-DF1B9D84E7A5}.AppStore|ARM.Build.0 = Debug|Any CPU
		{B2A1E139-9625-4335-94C8-DF1B9D84E7A5}.AppStore|iPhone.ActiveCfg = Debug|Any CPU
		{B2A1E139-9625-4335-94C8-DF1B9D84E7A5}.AppStore|iPhone.Build.0 = Debug|Any CPU
		{B2A1E139-9625-4335-94C8-DF1B9D84E7A5}.AppStore|iPhoneSimulator.ActiveCfg = Debug|Any CPU
		{B2A1E139-9625-4335-94C8-DF1B9D84E7A5}.AppStore|iPhoneSimulator.Build.0 = Debug|Any CPU
		{B2A1E139-9625-4335-94C8-DF1B9D84E7A5}.AppStore|x64.ActiveCfg = Debug|Any CPU
		{B2A1E139-9625-4335-94C8-DF1B9D84E7A5}.AppStore|x64.Build.0 = Debug|Any CPU
		{B2A1E139-9625-4335-94C8-DF1B9D84E7A5}.AppStore|x86.ActiveCfg = Debug|Any CPU
		{B2A1E139-9625-4335-94C8-DF1B9D84E7A5}.AppStore|x86.Build.0 = Debug|Any CPU
		{B2A1E139-9625-4335-94C8-DF1B9D84E7A5}.Debug|Any CPU.ActiveCfg = Debug|Any CPU
		{B2A1E139-9625-4335-94C8-DF1B9D84E7A5}.Debug|Any CPU.Build.0 = Debug|Any CPU
		{B2A1E139-9625-4335-94C8-DF1B9D84E7A5}.Debug|ARM.ActiveCfg = Debug|Any CPU
		{B2A1E139-9625-4335-94C8-DF1B9D84E7A5}.Debug|ARM.Build.0 = Debug|Any CPU
		{B2A1E139-9625-4335-94C8-DF1B9D84E7A5}.Debug|iPhone.ActiveCfg = Debug|Any CPU
		{B2A1E139-9625-4335-94C8-DF1B9D84E7A5}.Debug|iPhone.Build.0 = Debug|Any CPU
		{B2A1E139-9625-4335-94C8-DF1B9D84E7A5}.Debug|iPhoneSimulator.ActiveCfg = Debug|Any CPU
		{B2A1E139-9625-4335-94C8-DF1B9D84E7A5}.Debug|iPhoneSimulator.Build.0 = Debug|Any CPU
		{B2A1E139-9625-4335-94C8-DF1B9D84E7A5}.Debug|x64.ActiveCfg = Debug|Any CPU
		{B2A1E139-9625-4335-94C8-DF1B9D84E7A5}.Debug|x64.Build.0 = Debug|Any CPU
		{B2A1E139-9625-4335-94C8-DF1B9D84E7A5}.Debug|x86.ActiveCfg = Debug|Any CPU
		{B2A1E139-9625-4335-94C8-DF1B9D84E7A5}.Debug|x86.Build.0 = Debug|Any CPU
		{B2A1E139-9625-4335-94C8-DF1B9D84E7A5}.Release|Any CPU.ActiveCfg = Release|Any CPU
		{B2A1E139-9625-4335-94C8-DF1B9D84E7A5}.Release|Any CPU.Build.0 = Release|Any CPU
		{B2A1E139-9625-4335-94C8-DF1B9D84E7A5}.Release|ARM.ActiveCfg = Release|Any CPU
		{B2A1E139-9625-4335-94C8-DF1B9D84E7A5}.Release|ARM.Build.0 = Release|Any CPU
		{B2A1E139-9625-4335-94C8-DF1B9D84E7A5}.Release|iPhone.ActiveCfg = Release|Any CPU
		{B2A1E139-9625-4335-94C8-DF1B9D84E7A5}.Release|iPhone.Build.0 = Release|Any CPU
		{B2A1E139-9625-4335-94C8-DF1B9D84E7A5}.Release|iPhoneSimulator.ActiveCfg = Release|Any CPU
		{B2A1E139-9625-4335-94C8-DF1B9D84E7A5}.Release|iPhoneSimulator.Build.0 = Release|Any CPU
		{B2A1E139-9625-4335-94C8-DF1B9D84E7A5}.Release|x64.ActiveCfg = Release|Any CPU
		{B2A1E139-9625-4335-94C8-DF1B9D84E7A5}.Release|x64.Build.0 = Release|Any CPU
		{B2A1E139-9625-4335-94C8-DF1B9D84E7A5}.Release|x86.ActiveCfg = Release|Any CPU
		{B2A1E139-9625-4335-94C8-DF1B9D84E7A5}.Release|x86.Build.0 = Release|Any CPU
	EndGlobalSection
	GlobalSection(SolutionProperties) = preSolution
		HideSolutionNode = FALSE
	EndGlobalSection
	GlobalSection(ExtensibilityGlobals) = postSolution
		SolutionGuid = {1EF1342F-B5E2-4826-A869-9B02FD239372}
	EndGlobalSection
EndGlobal
